
Microsoft Visual Studio Solution File, Format Version 12.00
# Visual Studio Version 17
VisualStudioVersion = 17.10.35027.167
MinimumVisualStudioVersion = 10.0.40219.1
Project("{FAE04EC0-301F-11D3-BF4B-00C04F79EFBC}") = "BlazorWasm", "BlazorWasm.csproj", "{5637633C-E8AF-4366-B8B1-6F71F341166D}"
EndProject
Global
	GlobalSection(SolutionConfigurationPlatforms) = preSolution
		Debug|Any CPU = Debug|Any CPU
		Release|Any CPU = Release|Any CPU
	EndGlobalSection
	GlobalSection(ProjectConfigurationPlatforms) = postSolution
		{5637633C-E8AF-4366-B8B1-6F71F341166D}.Debug|Any CPU.ActiveCfg = Debug|Any CPU
		{5637633C-E8AF-4366-B8B1-6F71F341166D}.Debug|Any CPU.Build.0 = Debug|Any CPU
		{5637633C-E8AF-4366-B8B1-6F71F341166D}.Release|Any CPU.ActiveCfg = Release|Any CPU
		{5637633C-E8AF-4366-B8B1-6F71F341166D}.Release|Any CPU.Build.0 = Release|Any CPU
	EndGlobalSection
	GlobalSection(SolutionProperties) = preSolution
		HideSolutionNode = FALSE
	EndGlobalSection
	GlobalSection(ExtensibilityGlobals) = postSolution
		SolutionGuid = {83442931-49F3-43F7-9ECA-859EEFF608AD}
	EndGlobalSection
EndGlobal
